// !$*UTF8*$!
{
	archiveVersion = 1;
	classes = {
	};
	objectVersion = 48;
	objects = {

/* Begin PBXBuildFile section */
		08320AC621A72A6B0041833D /* DataActionExtention.swift in Sources */ = {isa = PBXBuildFile; fileRef = 08320AC521A72A6B0041833D /* DataActionExtention.swift */; };
		08320AC821A72BD00041833D /* CoreDataConnection.swift in Sources */ = {isa = PBXBuildFile; fileRef = 08320AC721A72BD00041833D /* CoreDataConnection.swift */; };
		08320ACB21A72E920041833D /* Insert.swift in Sources */ = {isa = PBXBuildFile; fileRef = 08320ACA21A72E920041833D /* Insert.swift */; };
		08320ACD21A72F030041833D /* getData.swift in Sources */ = {isa = PBXBuildFile; fileRef = 08320ACC21A72F030041833D /* getData.swift */; };
		08320ACF21A733FA0041833D /* WalkController.swift in Sources */ = {isa = PBXBuildFile; fileRef = 08320ACE21A733FA0041833D /* WalkController.swift */; };
		085DEC9021832DF500CCC419 /* AppDelegate.swift in Sources */ = {isa = PBXBuildFile; fileRef = 085DEC8F21832DF500CCC419 /* AppDelegate.swift */; };
		085DEC9221832DF500CCC419 /* ViewController.swift in Sources */ = {isa = PBXBuildFile; fileRef = 085DEC9121832DF500CCC419 /* ViewController.swift */; };
		085DEC9521832DF500CCC419 /* Main.storyboard in Resources */ = {isa = PBXBuildFile; fileRef = 085DEC9321832DF500CCC419 /* Main.storyboard */; };
		085DEC9821832DF500CCC419 /* walk.xcdatamodeld in Sources */ = {isa = PBXBuildFile; fileRef = 085DEC9621832DF500CCC419 /* walk.xcdatamodeld */; };
		085DEC9A21832DF500CCC419 /* Assets.xcassets in Resources */ = {isa = PBXBuildFile; fileRef = 085DEC9921832DF500CCC419 /* Assets.xcassets */; };
		085DEC9D21832DF500CCC419 /* LaunchScreen.storyboard in Resources */ = {isa = PBXBuildFile; fileRef = 085DEC9B21832DF500CCC419 /* LaunchScreen.storyboard */; };
		085DECA52183385500CCC419 /* SampleData.plist in Resources */ = {isa = PBXBuildFile; fileRef = 085DECA42183385500CCC419 /* SampleData.plist */; };
		08F92853218B713C00A661A8 /* Walk+CoreDataClass.swift in Sources */ = {isa = PBXBuildFile; fileRef = 08F92851218B713C00A661A8 /* Walk+CoreDataClass.swift */; };
		08F92854218B713C00A661A8 /* Walk+CoreDataProperties.swift in Sources */ = {isa = PBXBuildFile; fileRef = 08F92852218B713C00A661A8 /* Walk+CoreDataProperties.swift */; };
/* End PBXBuildFile section */

/* Begin PBXFileReference section */
		08320AC521A72A6B0041833D /* DataActionExtention.swift */ = {isa = PBXFileReference; lastKnownFileType = sourcecode.swift; path = DataActionExtention.swift; sourceTree = "<group>"; };
		08320AC721A72BD00041833D /* CoreDataConnection.swift */ = {isa = PBXFileReference; lastKnownFileType = sourcecode.swift; path = CoreDataConnection.swift; sourceTree = "<group>"; };
		08320ACA21A72E920041833D /* Insert.swift */ = {isa = PBXFileReference; lastKnownFileType = sourcecode.swift; path = Insert.swift; sourceTree = "<group>"; };
		08320ACC21A72F030041833D /* getData.swift */ = {isa = PBXFileReference; lastKnownFileType = sourcecode.swift; path = getData.swift; sourceTree = "<group>"; };
		08320ACE21A733FA0041833D /* WalkController.swift */ = {isa = PBXFileReference; lastKnownFileType = sourcecode.swift; path = WalkController.swift; sourceTree = "<group>"; };
		085DEC8C21832DF500CCC419 /* walk.app */ = {isa = PBXFileReference; explicitFileType = wrapper.application; includeInIndex = 0; path = walk.app; sourceTree = BUILT_PRODUCTS_DIR; };
		085DEC8F21832DF500CCC419 /* AppDelegate.swift */ = {isa = PBXFileReference; lastKnownFileType = sourcecode.swift; path = AppDelegate.swift; sourceTree = "<group>"; };
		085DEC9121832DF500CCC419 /* ViewController.swift */ = {isa = PBXFileReference; lastKnownFileType = sourcecode.swift; path = ViewController.swift; sourceTree = "<group>"; };
		085DEC9421832DF500CCC419 /* Base */ = {isa = PBXFileReference; lastKnownFileType = file.storyboard; name = Base; path = Base.lproj/Main.storyboard; sourceTree = "<group>"; };
		085DEC9721832DF500CCC419 /* walk.xcdatamodel */ = {isa = PBXFileReference; lastKnownFileType = wrapper.xcdatamodel; path = walk.xcdatamodel; sourceTree = "<group>"; };
		085DEC9921832DF500CCC419 /* Assets.xcassets */ = {isa = PBXFileReference; lastKnownFileType = folder.assetcatalog; path = Assets.xcassets; sourceTree = "<group>"; };
		085DEC9C21832DF500CCC419 /* Base */ = {isa = PBXFileReference; lastKnownFileType = file.storyboard; name = Base; path = Base.lproj/LaunchScreen.storyboard; sourceTree = "<group>"; };
		085DEC9E21832DF500CCC419 /* Info.plist */ = {isa = PBXFileReference; lastKnownFileType = text.plist.xml; path = Info.plist; sourceTree = "<group>"; };
		085DECA42183385500CCC419 /* SampleData.plist */ = {isa = PBXFileReference; lastKnownFileType = text.plist.xml; path = SampleData.plist; sourceTree = "<group>"; };
		08F92851218B713C00A661A8 /* Walk+CoreDataClass.swift */ = {isa = PBXFileReference; lastKnownFileType = sourcecode.swift; path = "Walk+CoreDataClass.swift"; sourceTree = "<group>"; };
		08F92852218B713C00A661A8 /* Walk+CoreDataProperties.swift */ = {isa = PBXFileReference; lastKnownFileType = sourcecode.swift; path = "Walk+CoreDataProperties.swift"; sourceTree = "<group>"; };
/* End PBXFileReference section */

/* Begin PBXFrameworksBuildPhase section */
		085DEC8921832DF500CCC419 /* Frameworks */ = {
			isa = PBXFrameworksBuildPhase;
			buildActionMask = 2147483647;
			files = (
			);
			runOnlyForDeploymentPostprocessing = 0;
		};
/* End PBXFrameworksBuildPhase section */

/* Begin PBXGroup section */
		08320AC421A72A410041833D /* Controller */ = {
			isa = PBXGroup;
			children = (
				08320AC921A72E620041833D /* Walk */,
				08320AC521A72A6B0041833D /* DataActionExtention.swift */,
			);
			path = Controller;
			sourceTree = "<group>";
		};
		08320AC921A72E620041833D /* Walk */ = {
			isa = PBXGroup;
			children = (
				08320ACA21A72E920041833D /* Insert.swift */,
				08320ACC21A72F030041833D /* getData.swift */,
				08320ACE21A733FA0041833D /* WalkController.swift */,
			);
			path = Walk;
			sourceTree = "<group>";
		};
		085DEC8321832DF500CCC419 = {
			isa = PBXGroup;
			children = (
				085DEC8E21832DF500CCC419 /* walk */,
				085DEC8D21832DF500CCC419 /* Products */,
			);
			sourceTree = "<group>";
		};
		085DEC8D21832DF500CCC419 /* Products */ = {
			isa = PBXGroup;
			children = (
				085DEC8C21832DF500CCC419 /* walk.app */,
			);
			name = Products;
			sourceTree = "<group>";
		};
		085DEC8E21832DF500CCC419 /* walk */ = {
			isa = PBXGroup;
			children = (
				08320AC421A72A410041833D /* Controller */,
				087B0719218B387B0046CFC8 /* Supporting file */,
				087B0718218B38630046CFC8 /* CoreData */,
				085DEC9321832DF500CCC419 /* Main.storyboard */,
				085DEC9121832DF500CCC419 /* ViewController.swift */,
				085DECA42183385500CCC419 /* SampleData.plist */,
				085DEC9B21832DF500CCC419 /* LaunchScreen.storyboard */,
			);
			path = walk;
			sourceTree = "<group>";
		};
		087B0718218B38630046CFC8 /* CoreData */ = {
			isa = PBXGroup;
			children = (
				08320AC721A72BD00041833D /* CoreDataConnection.swift */,
				08F92851218B713C00A661A8 /* Walk+CoreDataClass.swift */,
				08F92852218B713C00A661A8 /* Walk+CoreDataProperties.swift */,
				085DEC9621832DF500CCC419 /* walk.xcdatamodeld */,
			);
			path = CoreData;
			sourceTree = "<group>";
		};
		087B0719218B387B0046CFC8 /* Supporting file */ = {
			isa = PBXGroup;
			children = (
				085DEC8F21832DF500CCC419 /* AppDelegate.swift */,
				085DEC9921832DF500CCC419 /* Assets.xcassets */,
				085DEC9E21832DF500CCC419 /* Info.plist */,
			);
			path = "Supporting file";
			sourceTree = "<group>";
		};
/* End PBXGroup section */

/* Begin PBXNativeTarget section */
		085DEC8B21832DF500CCC419 /* walk */ = {
			isa = PBXNativeTarget;
			buildConfigurationList = 085DECA121832DF500CCC419 /* Build configuration list for PBXNativeTarget "walk" */;
			buildPhases = (
				085DEC8821832DF500CCC419 /* Sources */,
				085DEC8921832DF500CCC419 /* Frameworks */,
				085DEC8A21832DF500CCC419 /* Resources */,
			);
			buildRules = (
			);
			dependencies = (
			);
			name = walk;
			productName = walk;
			productReference = 085DEC8C21832DF500CCC419 /* walk.app */;
			productType = "com.apple.product-type.application";
		};
/* End PBXNativeTarget section */

/* Begin PBXProject section */
		085DEC8421832DF500CCC419 /* Project object */ = {
			isa = PBXProject;
			attributes = {
				LastSwiftUpdateCheck = 0920;
				LastUpgradeCheck = 0920;
				ORGANIZATIONNAME = "mohsen khodadadzadeh";
				TargetAttributes = {
					085DEC8B21832DF500CCC419 = {
						CreatedOnToolsVersion = 9.2;
						ProvisioningStyle = Automatic;
					};
				};
			};
			buildConfigurationList = 085DEC8721832DF500CCC419 /* Build configuration list for PBXProject "walk" */;
			compatibilityVersion = "Xcode 8.0";
			developmentRegion = en;
			hasScannedForEncodings = 0;
			knownRegions = (
				en,
				Base,
			);
			mainGroup = 085DEC8321832DF500CCC419;
			productRefGroup = 085DEC8D21832DF500CCC419 /* Products */;
			projectDirPath = "";
			projectRoot = "";
			targets = (
				085DEC8B21832DF500CCC419 /* walk */,
			);
		};
/* End PBXProject section */

/* Begin PBXResourcesBuildPhase section */
		085DEC8A21832DF500CCC419 /* Resources */ = {
			isa = PBXResourcesBuildPhase;
			buildActionMask = 2147483647;
			files = (
				085DEC9D21832DF500CCC419 /* LaunchScreen.storyboard in Resources */,
				085DEC9A21832DF500CCC419 /* Assets.xcassets in Resources */,
				085DECA52183385500CCC419 /* SampleData.plist in Resources */,
				085DEC9521832DF500CCC419 /* Main.storyboard in Resources */,
			);
			runOnlyForDeploymentPostprocessing = 0;
		};
/* End PBXResourcesBuildPhase section */

/* Begin PBXSourcesBuildPhase section */
		085DEC8821832DF500CCC419 /* Sources */ = {
			isa = PBXSourcesBuildPhase;
			buildActionMask = 2147483647;
			files = (
				085DEC9221832DF500CCC419 /* ViewController.swift in Sources */,
				085DEC9821832DF500CCC419 /* walk.xcdatamodeld in Sources */,
				08F92854218B713C00A661A8 /* Walk+CoreDataProperties.swift in Sources */,
				08320ACD21A72F030041833D /* getData.swift in Sources */,
				08F92853218B713C00A661A8 /* Walk+CoreDataClass.swift in Sources */,
				08320ACB21A72E920041833D /* Insert.swift in Sources */,
				08320ACF21A733FA0041833D /* WalkController.swift in Sources */,
				08320AC621A72A6B0041833D /* DataActionExtention.swift in Sources */,
				08320AC821A72BD00041833D /* CoreDataConnection.swift in Sources */,
				085DEC9021832DF500CCC419 /* AppDelegate.swift in Sources */,
			);
			runOnlyForDeploymentPostprocessing = 0;
		};
/* End PBXSourcesBuildPhase section */

/* Begin PBXVariantGroup section */
		085DEC9321832DF500CCC419 /* Main.storyboard */ = {
			isa = PBXVariantGroup;
			children = (
				085DEC9421832DF500CCC419 /* Base */,
			);
			name = Main.storyboard;
			sourceTree = "<group>";
		};
		085DEC9B21832DF500CCC419 /* LaunchScreen.storyboard */ = {
			isa = PBXVariantGroup;
			children = (
				085DEC9C21832DF500CCC419 /* Base */,
			);
			name = LaunchScreen.storyboard;
			sourceTree = "<group>";
		};
/* End PBXVariantGroup section */

/* Begin XCBuildConfiguration section */
		085DEC9F21832DF500CCC419 /* Debug */ = {
			isa = XCBuildConfiguration;
			buildSettings = {
				ALWAYS_SEARCH_USER_PATHS = NO;
				CLANG_ANALYZER_NONNULL = YES;
				CLANG_ANALYZER_NUMBER_OBJECT_CONVERSION = YES_AGGRESSIVE;
				CLANG_CXX_LANGUAGE_STANDARD = "gnu++14";
				CLANG_CXX_LIBRARY = "libc++";
				CLANG_ENABLE_MODULES = YES;
				CLANG_ENABLE_OBJC_ARC = YES;
				CLANG_WARN_BLOCK_CAPTURE_AUTORELEASING = YES;
				CLANG_WARN_BOOL_CONVERSION = YES;
				CLANG_WARN_COMMA = YES;
				CLANG_WARN_CONSTANT_CONVERSION = YES;
				CLANG_WARN_DIRECT_OBJC_ISA_USAGE = YES_ERROR;
				CLANG_WARN_DOCUMENTATION_COMMENTS = YES;
				CLANG_WARN_EMPTY_BODY = YES;
				CLANG_WARN_ENUM_CONVERSION = YES;
				CLANG_WARN_INFINITE_RECURSION = YES;
				CLANG_WARN_INT_CONVERSION = YES;
				CLANG_WARN_NON_LITERAL_NULL_CONVERSION = YES;
				CLANG_WARN_OBJC_LITERAL_CONVERSION = YES;
				CLANG_WARN_OBJC_ROOT_CLASS = YES_ERROR;
				CLANG_WARN_RANGE_LOOP_ANALYSIS = YES;
				CLANG_WARN_STRICT_PROTOTYPES = YES;
				CLANG_WARN_SUSPICIOUS_MOVE = YES;
				CLANG_WARN_UNGUARDED_AVAILABILITY = YES_AGGRESSIVE;
				CLANG_WARN_UNREACHABLE_CODE = YES;
				CLANG_WARN__DUPLICATE_METHOD_MATCH = YES;
				CODE_SIGN_IDENTITY = "iPhone Developer";
				COPY_PHASE_STRIP = NO;
				DEBUG_INFORMATION_FORMAT = dwarf;
				ENABLE_STRICT_OBJC_MSGSEND = YES;
				ENABLE_TESTABILITY = YES;
				GCC_C_LANGUAGE_STANDARD = gnu11;
				GCC_DYNAMIC_NO_PIC = NO;
				GCC_NO_COMMON_BLOCKS = YES;
				GCC_OPTIMIZATION_LEVEL = 0;
				GCC_PREPROCESSOR_DEFINITIONS = (
					"DEBUG=1",
					"$(inherited)",
				);
				GCC_WARN_64_TO_32_BIT_CONVERSION = YES;
				GCC_WARN_ABOUT_RETURN_TYPE = YES_ERROR;
				GCC_WARN_UNDECLARED_SELECTOR = YES;
				GCC_WARN_UNINITIALIZED_AUTOS = YES_AGGRESSIVE;
				GCC_WARN_UNUSED_FUNCTION = YES;
				GCC_WARN_UNUSED_VARIABLE = YES;
				IPHONEOS_DEPLOYMENT_TARGET = 11.2;
				MTL_ENABLE_DEBUG_INFO = YES;
				ONLY_ACTIVE_ARCH = YES;
				SDKROOT = iphoneos;
				SWIFT_ACTIVE_COMPILATION_CONDITIONS = DEBUG;
				SWIFT_OPTIMIZATION_LEVEL = "-Onone";
			};
			name = Debug;
		};
		085DECA021832DF500CCC419 /* Release */ = {
			isa = XCBuildConfiguration;
			buildSettings = {
				ALWAYS_SEARCH_USER_PATHS = NO;
				CLANG_ANALYZER_NONNULL = YES;
				CLANG_ANALYZER_NUMBER_OBJECT_CONVERSION = YES_AGGRESSIVE;
				CLANG_CXX_LANGUAGE_STANDARD = "gnu++14";
				CLANG_CXX_LIBRARY = "libc++";
				CLANG_ENABLE_MODULES = YES;
				CLANG_ENABLE_OBJC_ARC = YES;
				CLANG_WARN_BLOCK_CAPTURE_AUTORELEASING = YES;
				CLANG_WARN_BOOL_CONVERSION = YES;
				CLANG_WARN_COMMA = YES;
				CLANG_WARN_CONSTANT_CONVERSION = YES;
				CLANG_WARN_DIRECT_OBJC_ISA_USAGE = YES_ERROR;
				CLANG_WARN_DOCUMENTATION_COMMENTS = YES;
				CLANG_WARN_EMPTY_BODY = YES;
				CLANG_WARN_ENUM_CONVERSION = YES;
				CLANG_WARN_INFINITE_RECURSION = YES;
				CLANG_WARN_INT_CONVERSION = YES;
				CLANG_WARN_NON_LITERAL_NULL_CONVERSION = YES;
				CLANG_WARN_OBJC_LITERAL_CONVERSION = YES;
				CLANG_WARN_OBJC_ROOT_CLASS = YES_ERROR;
				CLANG_WARN_RANGE_LOOP_ANALYSIS = YES;
				CLANG_WARN_STRICT_PROTOTYPES = YES;
				CLANG_WARN_SUSPICIOUS_MOVE = YES;
				CLANG_WARN_UNGUARDED_AVAILABILITY = YES_AGGRESSIVE;
				CLANG_WARN_UNREACHABLE_CODE = YES;
				CLANG_WARN__DUPLICATE_METHOD_MATCH = YES;
				CODE_SIGN_IDENTITY = "iPhone Developer";
				COPY_PHASE_STRIP = NO;
				DEBUG_INFORMATION_FORMAT = "dwarf-with-dsym";
				ENABLE_NS_ASSERTIONS = NO;
				ENABLE_STRICT_OBJC_MSGSEND = YES;
				GCC_C_LANGUAGE_STANDARD = gnu11;
				GCC_NO_COMMON_BLOCKS = YES;
				GCC_WARN_64_TO_32_BIT_CONVERSION = YES;
				GCC_WARN_ABOUT_RETURN_TYPE = YES_ERROR;
				GCC_WARN_UNDECLARED_SELECTOR = YES;
				GCC_WARN_UNINITIALIZED_AUTOS = YES_AGGRESSIVE;
				GCC_WARN_UNUSED_FUNCTION = YES;
				GCC_WARN_UNUSED_VARIABLE = YES;
				IPHONEOS_DEPLOYMENT_TARGET = 11.2;
				MTL_ENABLE_DEBUG_INFO = NO;
				SDKROOT = iphoneos;
				SWIFT_OPTIMIZATION_LEVEL = "-Owholemodule";
				VALIDATE_PRODUCT = YES;
			};
			name = Release;
		};
		085DECA221832DF500CCC419 /* Debug */ = {
			isa = XCBuildConfiguration;
			buildSettings = {
				ASSETCATALOG_COMPILER_APPICON_NAME = AppIcon;
				CODE_SIGN_STYLE = Automatic;
				DEVELOPMENT_TEAM = CSPYV9P999;
				INFOPLIST_FILE = "$(SRCROOT)/walk/Supporting file/Info.plist";
				LD_RUNPATH_SEARCH_PATHS = "$(inherited) @executable_path/Frameworks";
				PRODUCT_BUNDLE_IDENTIFIER = "i-swiftIR.walk";
				PRODUCT_MODULE_NAME = WalkProject;
				PRODUCT_NAME = "$(TARGET_NAME)";
				SWIFT_VERSION = 4.0;
				TARGETED_DEVICE_FAMILY = "1,2";
			};
			name = Debug;
		};
		085DECA321832DF500CCC419 /* Release */ = {
			isa = XCBuildConfiguration;
			buildSettings = {
				ASSETCATALOG_COMPILER_APPICON_NAME = AppIcon;
				CODE_SIGN_STYLE = Automatic;
				DEVELOPMENT_TEAM = CSPYV9P999;
				INFOPLIST_FILE = "$(SRCROOT)/walk/Supporting file/Info.plist";
				LD_RUNPATH_SEARCH_PATHS = "$(inherited) @executable_path/Frameworks";
				PRODUCT_BUNDLE_IDENTIFIER = "i-swiftIR.walk";
				PRODUCT_MODULE_NAME = WalkProject;
				PRODUCT_NAME = "$(TARGET_NAME)";
				SWIFT_VERSION = 4.0;
				TARGETED_DEVICE_FAMILY = "1,2";
			};
			name = Release;
		};
/* End XCBuildConfiguration section */

/* Begin XCConfigurationList section */
		085DEC8721832DF500CCC419 /* Build configuration list for PBXProject "walk" */ = {
			isa = XCConfigurationList;
			buildConfigurations = (
				085DEC9F21832DF500CCC419 /* Debug */,
				085DECA021832DF500CCC419 /* Release */,
			);
			defaultConfigurationIsVisible = 0;
			defaultConfigurationName = Release;
		};
		085DECA121832DF500CCC419 /* Build configuration list for PBXNativeTarget "walk" */ = {
			isa = XCConfigurationList;
			buildConfigurations = (
				085DECA221832DF500CCC419 /* Debug */,
				085DECA321832DF500CCC419 /* Release */,
			);
			defaultConfigurationIsVisible = 0;
			defaultConfigurationName = Release;
		};
/* End XCConfigurationList section */

/* Begin XCVersionGroup section */
		085DEC9621832DF500CCC419 /* walk.xcdatamodeld */ = {
			isa = XCVersionGroup;
			children = (
				085DEC9721832DF500CCC419 /* walk.xcdatamodel */,
			);
			currentVersion = 085DEC9721832DF500CCC419 /* walk.xcdatamodel */;
			path = walk.xcdatamodeld;
			sourceTree = "<group>";
			versionGroupType = wrapper.xcdatamodel;
		};
/* End XCVersionGroup section */
	};
	rootObject = 085DEC8421832DF500CCC419 /* Project object */;
}
